
Microsoft Visual Studio Solution File, Format Version 12.00
# Visual Studio Version 17
VisualStudioVersion = 17.8.34408.163
MinimumVisualStudioVersion = 10.0.40219.1
Project("{FAE04EC0-301F-11D3-BF4B-00C04F79EFBC}") = "MEHR_activity_day2", "MEHR_activity_day2\MEHR_activity_day2.csproj", "{1CA606A4-688E-4F81-915B-4BDC519A16C5}"
EndProject
Global
	GlobalSection(SolutionConfigurationPlatforms) = preSolution
		Debug|Any CPU = Debug|Any CPU
		Release|Any CPU = Release|Any CPU
	EndGlobalSection
	GlobalSection(ProjectConfigurationPlatforms) = postSolution
		{1CA606A4-688E-4F81-915B-4BDC519A16C5}.Debug|Any CPU.ActiveCfg = Debug|Any CPU
		{1CA606A4-688E-4F81-915B-4BDC519A16C5}.Debug|Any CPU.Build.0 = Debug|Any CPU
		{1CA606A4-688E-4F81-915B-4BDC519A16C5}.Release|Any CPU.ActiveCfg = Release|Any CPU
		{1CA606A4-688E-4F81-915B-4BDC519A16C5}.Release|Any CPU.Build.0 = Release|Any CPU
	EndGlobalSection
	GlobalSection(SolutionProperties) = preSolution
		HideSolutionNode = FALSE
	EndGlobalSection
	GlobalSection(ExtensibilityGlobals) = postSolution
		SolutionGuid = {07A20757-D291-4CEB-A1EE-0855464A21EB}
	EndGlobalSection
EndGlobal
